
Microsoft Visual Studio Solution File, Format Version 12.00
# Visual Studio 15
VisualStudioVersion = 15.0.27703.2026
MinimumVisualStudioVersion = 10.0.40219.1
Project("{9A19103F-16F7-4668-BE54-9A1E7A4F7556}") = "ConsulTest", "ConsulTest\ConsulTest.csproj", "{4F53B75A-F671-4EC7-9A78-D3FCB4199FCE}"
EndProject
Project("{9A19103F-16F7-4668-BE54-9A1E7A4F7556}") = "WebapiTest", "WebapiTest\WebapiTest.csproj", "{B2F53313-A620-4047-993A-E93F40C99D26}"
EndProject
Project("{9A19103F-16F7-4668-BE54-9A1E7A4F7556}") = "Consumer", "Consumer\Consumer.csproj", "{D0BCB80B-1708-4F5B-9ACF-DBAA0EF2E311}"
EndProject
Project("{9A19103F-16F7-4668-BE54-9A1E7A4F7556}") = "aopTest", "aopTest\aopTest.csproj", "{3F64C2A3-7E30-491B-B12A-004C2EAB50B7}"
EndProject
Project("{9A19103F-16F7-4668-BE54-9A1E7A4F7556}") = "ocelottest", "ocelottest\ocelottest.csproj", "{3474A1F7-F6D6-457F-BB74-ADC9D0344755}"
EndProject
Project("{2150E333-8FDC-42A3-9474-1A3956D46DE8}") = "Ocelot", "Ocelot", "{2FED8F03-DCFA-4DA1-86E8-5F3B6B84D4D6}"
EndProject
Project("{9A19103F-16F7-4668-BE54-9A1E7A4F7556}") = "Web.Cache", "Web.Cache\Web.Cache.csproj", "{16E7AB51-B051-456F-AEA4-6C0159C16D41}"
EndProject
Project("{9A19103F-16F7-4668-BE54-9A1E7A4F7556}") = "Web.Order", "Web.Order\Web.Order.csproj", "{6465CF3D-6BDE-41DD-A4A6-1D810E51A5EC}"
EndProject
Project("{2150E333-8FDC-42A3-9474-1A3956D46DE8}") = "ApiGateWay", "ApiGateWay", "{38EF821B-6B28-431B-967E-9B7EF466C94A}"
EndProject
Project("{9A19103F-16F7-4668-BE54-9A1E7A4F7556}") = "ID4.IdServer", "ID4.IdServer\ID4.IdServer.csproj", "{7C04A95A-B1DF-4EC1-B7F1-63F12514E6A7}"
EndProject
Project("{9A19103F-16F7-4668-BE54-9A1E7A4F7556}") = "ID4.Ocelot", "ID4.Ocelot\ID4.Ocelot.csproj", "{64139490-1EF2-4D9B-A75F-41A4F90CEB35}"
EndProject
Project("{9A19103F-16F7-4668-BE54-9A1E7A4F7556}") = "ID4.TokenService", "ID4.TokenService\ID4.TokenService.csproj", "{0296A579-4395-483D-80E4-195C64C8E8A6}"
EndProject
Project("{2150E333-8FDC-42A3-9474-1A3956D46DE8}") = "protoral", "protoral", "{9C2B61EB-386D-4E02-B5ED-A79CB19D3923}"
EndProject
Project("{FAE04EC0-301F-11D3-BF4B-00C04F79EFBC}") = "ThriftTest.Client", "ThriftTest.Client\ThriftTest.Client.csproj", "{3B22F875-DAF5-4825-8AE3-1F9233153281}"
EndProject
Project("{FAE04EC0-301F-11D3-BF4B-00C04F79EFBC}") = "ThriftTest.Server", "ThriftTest.Server\ThriftTest.Server.csproj", "{AC8C1918-88CF-486D-B9D2-252AE1F79A07}"
EndProject
Project("{FAE04EC0-301F-11D3-BF4B-00C04F79EFBC}") = "Thrift.Contract", "Thrift.Contract\Thrift.Contract.csproj", "{2D709DB8-62FC-40AB-877E-515C04CCA841}"
EndProject
Project("{2150E333-8FDC-42A3-9474-1A3956D46DE8}") = "Consul", "Consul", "{B043A8BE-7A9B-4DC0-BE02-B6D6FC17FC02}"
EndProject
Global
	GlobalSection(SolutionConfigurationPlatforms) = preSolution
		Debug|Any CPU = Debug|Any CPU
		Release|Any CPU = Release|Any CPU
	EndGlobalSection
	GlobalSection(ProjectConfigurationPlatforms) = postSolution
		{4F53B75A-F671-4EC7-9A78-D3FCB4199FCE}.Debug|Any CPU.ActiveCfg = Debug|Any CPU
		{4F53B75A-F671-4EC7-9A78-D3FCB4199FCE}.Debug|Any CPU.Build.0 = Debug|Any CPU
		{4F53B75A-F671-4EC7-9A78-D3FCB4199FCE}.Release|Any CPU.ActiveCfg = Release|Any CPU
		{4F53B75A-F671-4EC7-9A78-D3FCB4199FCE}.Release|Any CPU.Build.0 = Release|Any CPU
		{B2F53313-A620-4047-993A-E93F40C99D26}.Debug|Any CPU.ActiveCfg = Debug|Any CPU
		{B2F53313-A620-4047-993A-E93F40C99D26}.Debug|Any CPU.Build.0 = Debug|Any CPU
		{B2F53313-A620-4047-993A-E93F40C99D26}.Release|Any CPU.ActiveCfg = Release|Any CPU
		{B2F53313-A620-4047-993A-E93F40C99D26}.Release|Any CPU.Build.0 = Release|Any CPU
		{D0BCB80B-1708-4F5B-9ACF-DBAA0EF2E311}.Debug|Any CPU.ActiveCfg = Debug|Any CPU
		{D0BCB80B-1708-4F5B-9ACF-DBAA0EF2E311}.Debug|Any CPU.Build.0 = Debug|Any CPU
		{D0BCB80B-1708-4F5B-9ACF-DBAA0EF2E311}.Release|Any CPU.ActiveCfg = Release|Any CPU
		{D0BCB80B-1708-4F5B-9ACF-DBAA0EF2E311}.Release|Any CPU.Build.0 = Release|Any CPU
		{3F64C2A3-7E30-491B-B12A-004C2EAB50B7}.Debug|Any CPU.ActiveCfg = Debug|Any CPU
		{3F64C2A3-7E30-491B-B12A-004C2EAB50B7}.Debug|Any CPU.Build.0 = Debug|Any CPU
		{3F64C2A3-7E30-491B-B12A-004C2EAB50B7}.Release|Any CPU.ActiveCfg = Release|Any CPU
		{3F64C2A3-7E30-491B-B12A-004C2EAB50B7}.Release|Any CPU.Build.0 = Release|Any CPU
		{3474A1F7-F6D6-457F-BB74-ADC9D0344755}.Debug|Any CPU.ActiveCfg = Debug|Any CPU
		{3474A1F7-F6D6-457F-BB74-ADC9D0344755}.Debug|Any CPU.Build.0 = Debug|Any CPU
		{3474A1F7-F6D6-457F-BB74-ADC9D0344755}.Release|Any CPU.ActiveCfg = Release|Any CPU
		{3474A1F7-F6D6-457F-BB74-ADC9D0344755}.Release|Any CPU.Build.0 = Release|Any CPU
		{16E7AB51-B051-456F-AEA4-6C0159C16D41}.Debug|Any CPU.ActiveCfg = Debug|Any CPU
		{16E7AB51-B051-456F-AEA4-6C0159C16D41}.Debug|Any CPU.Build.0 = Debug|Any CPU
		{16E7AB51-B051-456F-AEA4-6C0159C16D41}.Release|Any CPU.ActiveCfg = Release|Any CPU
		{16E7AB51-B051-456F-AEA4-6C0159C16D41}.Release|Any CPU.Build.0 = Release|Any CPU
		{6465CF3D-6BDE-41DD-A4A6-1D810E51A5EC}.Debug|Any CPU.ActiveCfg = Debug|Any CPU
		{6465CF3D-6BDE-41DD-A4A6-1D810E51A5EC}.Debug|Any CPU.Build.0 = Debug|Any CPU
		{6465CF3D-6BDE-41DD-A4A6-1D810E51A5EC}.Release|Any CPU.ActiveCfg = Release|Any CPU
		{6465CF3D-6BDE-41DD-A4A6-1D810E51A5EC}.Release|Any CPU.Build.0 = Release|Any CPU
		{7C04A95A-B1DF-4EC1-B7F1-63F12514E6A7}.Debug|Any CPU.ActiveCfg = Debug|Any CPU
		{7C04A95A-B1DF-4EC1-B7F1-63F12514E6A7}.Debug|Any CPU.Build.0 = Debug|Any CPU
		{7C04A95A-B1DF-4EC1-B7F1-63F12514E6A7}.Release|Any CPU.ActiveCfg = Release|Any CPU
		{7C04A95A-B1DF-4EC1-B7F1-63F12514E6A7}.Release|Any CPU.Build.0 = Release|Any CPU
		{64139490-1EF2-4D9B-A75F-41A4F90CEB35}.Debug|Any CPU.ActiveCfg = Debug|Any CPU
		{64139490-1EF2-4D9B-A75F-41A4F90CEB35}.Debug|Any CPU.Build.0 = Debug|Any CPU
		{64139490-1EF2-4D9B-A75F-41A4F90CEB35}.Release|Any CPU.ActiveCfg = Release|Any CPU
		{64139490-1EF2-4D9B-A75F-41A4F90CEB35}.Release|Any CPU.Build.0 = Release|Any CPU
		{0296A579-4395-483D-80E4-195C64C8E8A6}.Debug|Any CPU.ActiveCfg = Debug|Any CPU
		{0296A579-4395-483D-80E4-195C64C8E8A6}.Debug|Any CPU.Build.0 = Debug|Any CPU
		{0296A579-4395-483D-80E4-195C64C8E8A6}.Release|Any CPU.ActiveCfg = Release|Any CPU
		{0296A579-4395-483D-80E4-195C64C8E8A6}.Release|Any CPU.Build.0 = Release|Any CPU
		{3B22F875-DAF5-4825-8AE3-1F9233153281}.Debug|Any CPU.ActiveCfg = Debug|Any CPU
		{3B22F875-DAF5-4825-8AE3-1F9233153281}.Debug|Any CPU.Build.0 = Debug|Any CPU
		{3B22F875-DAF5-4825-8AE3-1F9233153281}.Release|Any CPU.ActiveCfg = Release|Any CPU
		{3B22F875-DAF5-4825-8AE3-1F9233153281}.Release|Any CPU.Build.0 = Release|Any CPU
		{AC8C1918-88CF-486D-B9D2-252AE1F79A07}.Debug|Any CPU.ActiveCfg = Debug|Any CPU
		{AC8C1918-88CF-486D-B9D2-252AE1F79A07}.Debug|Any CPU.Build.0 = Debug|Any CPU
		{AC8C1918-88CF-486D-B9D2-252AE1F79A07}.Release|Any CPU.ActiveCfg = Release|Any CPU
		{AC8C1918-88CF-486D-B9D2-252AE1F79A07}.Release|Any CPU.Build.0 = Release|Any CPU
		{2D709DB8-62FC-40AB-877E-515C04CCA841}.Debug|Any CPU.ActiveCfg = Debug|Any CPU
		{2D709DB8-62FC-40AB-877E-515C04CCA841}.Debug|Any CPU.Build.0 = Debug|Any CPU
		{2D709DB8-62FC-40AB-877E-515C04CCA841}.Release|Any CPU.ActiveCfg = Release|Any CPU
		{2D709DB8-62FC-40AB-877E-515C04CCA841}.Release|Any CPU.Build.0 = Release|Any CPU
	EndGlobalSection
	GlobalSection(SolutionProperties) = preSolution
		HideSolutionNode = FALSE
	EndGlobalSection
	GlobalSection(NestedProjects) = preSolution
		{4F53B75A-F671-4EC7-9A78-D3FCB4199FCE} = {B043A8BE-7A9B-4DC0-BE02-B6D6FC17FC02}
		{B2F53313-A620-4047-993A-E93F40C99D26} = {B043A8BE-7A9B-4DC0-BE02-B6D6FC17FC02}
		{D0BCB80B-1708-4F5B-9ACF-DBAA0EF2E311} = {B043A8BE-7A9B-4DC0-BE02-B6D6FC17FC02}
		{3474A1F7-F6D6-457F-BB74-ADC9D0344755} = {2FED8F03-DCFA-4DA1-86E8-5F3B6B84D4D6}
		{16E7AB51-B051-456F-AEA4-6C0159C16D41} = {2FED8F03-DCFA-4DA1-86E8-5F3B6B84D4D6}
		{6465CF3D-6BDE-41DD-A4A6-1D810E51A5EC} = {2FED8F03-DCFA-4DA1-86E8-5F3B6B84D4D6}
		{7C04A95A-B1DF-4EC1-B7F1-63F12514E6A7} = {38EF821B-6B28-431B-967E-9B7EF466C94A}
		{64139490-1EF2-4D9B-A75F-41A4F90CEB35} = {38EF821B-6B28-431B-967E-9B7EF466C94A}
		{0296A579-4395-483D-80E4-195C64C8E8A6} = {38EF821B-6B28-431B-967E-9B7EF466C94A}
		{3B22F875-DAF5-4825-8AE3-1F9233153281} = {9C2B61EB-386D-4E02-B5ED-A79CB19D3923}
		{AC8C1918-88CF-486D-B9D2-252AE1F79A07} = {9C2B61EB-386D-4E02-B5ED-A79CB19D3923}
		{2D709DB8-62FC-40AB-877E-515C04CCA841} = {9C2B61EB-386D-4E02-B5ED-A79CB19D3923}
	EndGlobalSection
	GlobalSection(ExtensibilityGlobals) = postSolution
		SolutionGuid = {820A4EA2-DD7D-4A0C-858A-1CD5702B69BF}
	EndGlobalSection
EndGlobal
